
Microsoft Visual Studio Solution File, Format Version 12.00
# Visual Studio 15
VisualStudioVersion = 15.0.28307.852
MinimumVisualStudioVersion = 10.0.40219.1
Project("{8BC9CEB8-8B4A-11D0-8D11-00A0C91BC942}") = "Lab1", "Lab1\Lab1.vcxproj", "{008A3F0B-56AC-4F7E-9565-11F734E490EF}"
EndProject
Project("{8BC9CEB8-8B4A-11D0-8D11-00A0C91BC942}") = "Lab2", "Lab2\Lab2.vcxproj", "{D56AC3A5-88BE-4C13-B80B-C3CAC71D150F}"
EndProject
Project("{8BC9CEB8-8B4A-11D0-8D11-00A0C91BC942}") = "Lab4", "Lab4\Lab4.vcxproj", "{2DBB072D-C9A0-47AB-BE03-831E9F5C6C8E}"
EndProject
Project("{8BC9CEB8-8B4A-11D0-8D11-00A0C91BC942}") = "Lab5", "Lab5\Lab5.vcxproj", "{DB806DD0-240E-45FB-A99F-D09C742FE935}"
EndProject
Project("{8BC9CEB8-8B4A-11D0-8D11-00A0C91BC942}") = "Lab6", "Lab6\Lab6.vcxproj", "{1A1740AB-B591-4355-8D33-F06C7B4E5F84}"
EndProject
Project("{8BC9CEB8-8B4A-11D0-8D11-00A0C91BC942}") = "Lab7", "Lab7\Lab7.vcxproj", "{F8766A1B-181D-45AC-887A-847604B713E1}"
EndProject
Project("{8BC9CEB8-8B4A-11D0-8D11-00A0C91BC942}") = "Lab8", "Lab8\Lab8.vcxproj", "{4130BB37-0DEE-482E-A52A-FA47B86B85FC}"
EndProject
Project("{8BC9CEB8-8B4A-11D0-8D11-00A0C91BC942}") = "Lab9", "Lab9\Lab9.vcxproj", "{04C6B248-E727-487F-9DDD-682106CDBABE}"
EndProject
Global
	GlobalSection(SolutionConfigurationPlatforms) = preSolution
		Debug|x64 = Debug|x64
		Debug|x86 = Debug|x86
		Release|x64 = Release|x64
		Release|x86 = Release|x86
	EndGlobalSection
	GlobalSection(ProjectConfigurationPlatforms) = postSolution
		{008A3F0B-56AC-4F7E-9565-11F734E490EF}.Debug|x64.ActiveCfg = Debug|x64
		{008A3F0B-56AC-4F7E-9565-11F734E490EF}.Debug|x64.Build.0 = Debug|x64
		{008A3F0B-56AC-4F7E-9565-11F734E490EF}.Debug|x86.ActiveCfg = Debug|Win32
		{008A3F0B-56AC-4F7E-9565-11F734E490EF}.Debug|x86.Build.0 = Debug|Win32
		{008A3F0B-56AC-4F7E-9565-11F734E490EF}.Release|x64.ActiveCfg = Release|x64
		{008A3F0B-56AC-4F7E-9565-11F734E490EF}.Release|x64.Build.0 = Release|x64
		{008A3F0B-56AC-4F7E-9565-11F734E490EF}.Release|x86.ActiveCfg = Release|Win32
		{008A3F0B-56AC-4F7E-9565-11F734E490EF}.Release|x86.Build.0 = Release|Win32
		{D56AC3A5-88BE-4C13-B80B-C3CAC71D150F}.Debug|x64.ActiveCfg = Debug|x64
		{D56AC3A5-88BE-4C13-B80B-C3CAC71D150F}.Debug|x64.Build.0 = Debug|x64
		{D56AC3A5-88BE-4C13-B80B-C3CAC71D150F}.Debug|x86.ActiveCfg = Debug|Win32
		{D56AC3A5-88BE-4C13-B80B-C3CAC71D150F}.Debug|x86.Build.0 = Debug|Win32
		{D56AC3A5-88BE-4C13-B80B-C3CAC71D150F}.Release|x64.ActiveCfg = Release|x64
		{D56AC3A5-88BE-4C13-B80B-C3CAC71D150F}.Release|x64.Build.0 = Release|x64
		{D56AC3A5-88BE-4C13-B80B-C3CAC71D150F}.Release|x86.ActiveCfg = Release|Win32
		{D56AC3A5-88BE-4C13-B80B-C3CAC71D150F}.Release|x86.Build.0 = Release|Win32
		{2DBB072D-C9A0-47AB-BE03-831E9F5C6C8E}.Debug|x64.ActiveCfg = Debug|x64
		{2DBB072D-C9A0-47AB-BE03-831E9F5C6C8E}.Debug|x64.Build.0 = Debug|x64
		{2DBB072D-C9A0-47AB-BE03-831E9F5C6C8E}.Debug|x86.ActiveCfg = Debug|Win32
		{2DBB072D-C9A0-47AB-BE03-831E9F5C6C8E}.Debug|x86.Build.0 = Debug|Win32
		{2DBB072D-C9A0-47AB-BE03-831E9F5C6C8E}.Release|x64.ActiveCfg = Release|x64
		{2DBB072D-C9A0-47AB-BE03-831E9F5C6C8E}.Release|x64.Build.0 = Release|x64
		{2DBB072D-C9A0-47AB-BE03-831E9F5C6C8E}.Release|x86.ActiveCfg = Release|Win32
		{2DBB072D-C9A0-47AB-BE03-831E9F5C6C8E}.Release|x86.Build.0 = Release|Win32
		{DB806DD0-240E-45FB-A99F-D09C742FE935}.Debug|x64.ActiveCfg = Debug|x64
		{DB806DD0-240E-45FB-A99F-D09C742FE935}.Debug|x64.Build.0 = Debug|x64
		{DB806DD0-240E-45FB-A99F-D09C742FE935}.Debug|x86.ActiveCfg = Debug|Win32
		{DB806DD0-240E-45FB-A99F-D09C742FE935}.Debug|x86.Build.0 = Debug|Win32
		{DB806DD0-240E-45FB-A99F-D09C742FE935}.Release|x64.ActiveCfg = Release|x64
		{DB806DD0-240E-45FB-A99F-D09C742FE935}.Release|x64.Build.0 = Release|x64
		{DB806DD0-240E-45FB-A99F-D09C742FE935}.Release|x86.ActiveCfg = Release|Win32
		{DB806DD0-240E-45FB-A99F-D09C742FE935}.Release|x86.Build.0 = Release|Win32
		{1A1740AB-B591-4355-8D33-F06C7B4E5F84}.Debug|x64.ActiveCfg = Debug|x64
		{1A1740AB-B591-4355-8D33-F06C7B4E5F84}.Debug|x64.Build.0 = Debug|x64
		{1A1740AB-B591-4355-8D33-F06C7B4E5F84}.Debug|x86.ActiveCfg = Debug|Win32
		{1A1740AB-B591-4355-8D33-F06C7B4E5F84}.Debug|x86.Build.0 = Debug|Win32
		{1A1740AB-B591-4355-8D33-F06C7B4E5F84}.Release|x64.ActiveCfg = Release|x64
		{1A1740AB-B591-4355-8D33-F06C7B4E5F84}.Release|x64.Build.0 = Release|x64
		{1A1740AB-B591-4355-8D33-F06C7B4E5F84}.Release|x86.ActiveCfg = Release|Win32
		{1A1740AB-B591-4355-8D33-F06C7B4E5F84}.Release|x86.Build.0 = Release|Win32
		{F8766A1B-181D-45AC-887A-847604B713E1}.Debug|x64.ActiveCfg = Debug|x64
		{F8766A1B-181D-45AC-887A-847604B713E1}.Debug|x64.Build.0 = Debug|x64
		{F8766A1B-181D-45AC-887A-847604B713E1}.Debug|x86.ActiveCfg = Debug|Win32
		{F8766A1B-181D-45AC-887A-847604B713E1}.Debug|x86.Build.0 = Debug|Win32
		{F8766A1B-181D-45AC-887A-847604B713E1}.Release|x64.ActiveCfg = Release|x64
		{F8766A1B-181D-45AC-887A-847604B713E1}.Release|x64.Build.0 = Release|x64
		{F8766A1B-181D-45AC-887A-847604B713E1}.Release|x86.ActiveCfg = Release|Win32
		{F8766A1B-181D-45AC-887A-847604B713E1}.Release|x86.Build.0 = Release|Win32
		{4130BB37-0DEE-482E-A52A-FA47B86B85FC}.Debug|x64.ActiveCfg = Debug|x64
		{4130BB37-0DEE-482E-A52A-FA47B86B85FC}.Debug|x64.Build.0 = Debug|x64
		{4130BB37-0DEE-482E-A52A-FA47B86B85FC}.Debug|x86.ActiveCfg = Debug|Win32
		{4130BB37-0DEE-482E-A52A-FA47B86B85FC}.Debug|x86.Build.0 = Debug|Win32
		{4130BB37-0DEE-482E-A52A-FA47B86B85FC}.Release|x64.ActiveCfg = Release|x64
		{4130BB37-0DEE-482E-A52A-FA47B86B85FC}.Release|x64.Build.0 = Release|x64
		{4130BB37-0DEE-482E-A52A-FA47B86B85FC}.Release|x86.ActiveCfg = Release|Win32
		{4130BB37-0DEE-482E-A52A-FA47B86B85FC}.Release|x86.Build.0 = Release|Win32
		{04C6B248-E727-487F-9DDD-682106CDBABE}.Debug|x64.ActiveCfg = Debug|x64
		{04C6B248-E727-487F-9DDD-682106CDBABE}.Debug|x64.Build.0 = Debug|x64
		{04C6B248-E727-487F-9DDD-682106CDBABE}.Debug|x86.ActiveCfg = Debug|Win32
		{04C6B248-E727-487F-9DDD-682106CDBABE}.Debug|x86.Build.0 = Debug|Win32
		{04C6B248-E727-487F-9DDD-682106CDBABE}.Release|x64.ActiveCfg = Release|x64
		{04C6B248-E727-487F-9DDD-682106CDBABE}.Release|x64.Build.0 = Release|x64
		{04C6B248-E727-487F-9DDD-682106CDBABE}.Release|x86.ActiveCfg = Release|Win32
		{04C6B248-E727-487F-9DDD-682106CDBABE}.Release|x86.Build.0 = Release|Win32
	EndGlobalSection
	GlobalSection(SolutionProperties) = preSolution
		HideSolutionNode = FALSE
	EndGlobalSection
	GlobalSection(ExtensibilityGlobals) = postSolution
		SolutionGuid = {F485065F-8E9D-454D-8DCF-4C0EFA69E4C3}
	EndGlobalSection
EndGlobal
